// !$*UTF8*$!
{
	archiveVersion = 1;
	classes = {
	};
	objectVersion = 50;
	objects = {

/* Begin PBXBuildFile section */
		A0E7A24E256E33C9001141A8 /* TagrgetB.framework in Frameworks */ = {isa = PBXBuildFile; fileRef = A0E7A244256E33C9001141A8 /* TagrgetB.framework */; };
		A0E7A253256E33C9001141A8 /* TagrgetBTests.swift in Sources */ = {isa = PBXBuildFile; fileRef = A0E7A252256E33C9001141A8 /* TagrgetBTests.swift */; };
		A0E7A255256E33C9001141A8 /* TagrgetB.h in Headers */ = {isa = PBXBuildFile; fileRef = A0E7A247256E33C9001141A8 /* TagrgetB.h */; settings = {ATTRIBUTES = (Public, ); }; };
		A0E7A298256E3595001141A8 /* ViewController.swift in Sources */ = {isa = PBXBuildFile; fileRef = A0E7A297256E3595001141A8 /* ViewController.swift */; };
		A0E7A29D256E35F1001141A8 /* Basic.framework in Frameworks */ = {isa = PBXBuildFile; fileRef = A0E7A29C256E35F1001141A8 /* Basic.framework */; };
		A0E7A2A8256E36AD001141A8 /* TargetBScene.swift in Sources */ = {isa = PBXBuildFile; fileRef = A0E7A2A7256E36AD001141A8 /* TargetBScene.swift */; };
/* End PBXBuildFile section */

/* Begin PBXContainerItemProxy section */
		A0E7A24F256E33C9001141A8 /* PBXContainerItemProxy */ = {
			isa = PBXContainerItemProxy;
			containerPortal = A0E7A23B256E33C9001141A8 /* Project object */;
			proxyType = 1;
			remoteGlobalIDString = A0E7A243256E33C9001141A8;
			remoteInfo = TagrgetB;
		};
/* End PBXContainerItemProxy section */

/* Begin PBXFileReference section */
		A0E7A244256E33C9001141A8 /* TagrgetB.framework */ = {isa = PBXFileReference; explicitFileType = wrapper.framework; includeInIndex = 0; path = TagrgetB.framework; sourceTree = BUILT_PRODUCTS_DIR; };
		A0E7A247256E33C9001141A8 /* TagrgetB.h */ = {isa = PBXFileReference; lastKnownFileType = sourcecode.c.h; path = TagrgetB.h; sourceTree = "<group>"; };
		A0E7A248256E33C9001141A8 /* Info.plist */ = {isa = PBXFileReference; lastKnownFileType = text.plist.xml; path = Info.plist; sourceTree = "<group>"; };
		A0E7A24D256E33C9001141A8 /* TagrgetBTests.xctest */ = {isa = PBXFileReference; explicitFileType = wrapper.cfbundle; includeInIndex = 0; path = TagrgetBTests.xctest; sourceTree = BUILT_PRODUCTS_DIR; };
		A0E7A252256E33C9001141A8 /* TagrgetBTests.swift */ = {isa = PBXFileReference; lastKnownFileType = sourcecode.swift; path = TagrgetBTests.swift; sourceTree = "<group>"; };
		A0E7A254256E33C9001141A8 /* Info.plist */ = {isa = PBXFileReference; lastKnownFileType = text.plist.xml; path = Info.plist; sourceTree = "<group>"; };
		A0E7A297256E3595001141A8 /* ViewController.swift */ = {isa = PBXFileReference; lastKnownFileType = sourcecode.swift; path = ViewController.swift; sourceTree = "<group>"; };
		A0E7A29C256E35F1001141A8 /* Basic.framework */ = {isa = PBXFileReference; explicitFileType = wrapper.framework; path = Basic.framework; sourceTree = BUILT_PRODUCTS_DIR; };
		A0E7A2A7256E36AD001141A8 /* TargetBScene.swift */ = {isa = PBXFileReference; lastKnownFileType = sourcecode.swift; path = TargetBScene.swift; sourceTree = "<group>"; };
/* End PBXFileReference section */

/* Begin PBXFrameworksBuildPhase section */
		A0E7A241256E33C9001141A8 /* Frameworks */ = {
			isa = PBXFrameworksBuildPhase;
			buildActionMask = 2147483647;
			files = (
				A0E7A29D256E35F1001141A8 /* Basic.framework in Frameworks */,
			);
			runOnlyForDeploymentPostprocessing = 0;
		};
		A0E7A24A256E33C9001141A8 /* Frameworks */ = {
			isa = PBXFrameworksBuildPhase;
			buildActionMask = 2147483647;
			files = (
				A0E7A24E256E33C9001141A8 /* TagrgetB.framework in Frameworks */,
			);
			runOnlyForDeploymentPostprocessing = 0;
		};
/* End PBXFrameworksBuildPhase section */

/* Begin PBXGroup section */
		A0E7A23A256E33C9001141A8 = {
			isa = PBXGroup;
			children = (
				A0E7A246256E33C9001141A8 /* TagrgetB */,
				A0E7A251256E33C9001141A8 /* TagrgetBTests */,
				A0E7A245256E33C9001141A8 /* Products */,
				A0E7A29B256E35F1001141A8 /* Frameworks */,
			);
			sourceTree = "<group>";
		};
		A0E7A245256E33C9001141A8 /* Products */ = {
			isa = PBXGroup;
			children = (
				A0E7A244256E33C9001141A8 /* TagrgetB.framework */,
				A0E7A24D256E33C9001141A8 /* TagrgetBTests.xctest */,
			);
			name = Products;
			sourceTree = "<group>";
		};
		A0E7A246256E33C9001141A8 /* TagrgetB */ = {
			isa = PBXGroup;
			children = (
				A0E7A247256E33C9001141A8 /* TagrgetB.h */,
				A0E7A248256E33C9001141A8 /* Info.plist */,
				A0E7A297256E3595001141A8 /* ViewController.swift */,
				A0E7A2A7256E36AD001141A8 /* TargetBScene.swift */,
			);
			path = TagrgetB;
			sourceTree = "<group>";
		};
		A0E7A251256E33C9001141A8 /* TagrgetBTests */ = {
			isa = PBXGroup;
			children = (
				A0E7A252256E33C9001141A8 /* TagrgetBTests.swift */,
				A0E7A254256E33C9001141A8 /* Info.plist */,
			);
			path = TagrgetBTests;
			sourceTree = "<group>";
		};
		A0E7A29B256E35F1001141A8 /* Frameworks */ = {
			isa = PBXGroup;
			children = (
				A0E7A29C256E35F1001141A8 /* Basic.framework */,
			);
			name = Frameworks;
			sourceTree = "<group>";
		};
/* End PBXGroup section */

/* Begin PBXHeadersBuildPhase section */
		A0E7A23F256E33C9001141A8 /* Headers */ = {
			isa = PBXHeadersBuildPhase;
			buildActionMask = 2147483647;
			files = (
				A0E7A255256E33C9001141A8 /* TagrgetB.h in Headers */,
			);
			runOnlyForDeploymentPostprocessing = 0;
		};
/* End PBXHeadersBuildPhase section */

/* Begin PBXNativeTarget section */
		A0E7A243256E33C9001141A8 /* TagrgetB */ = {
			isa = PBXNativeTarget;
			buildConfigurationList = A0E7A258256E33C9001141A8 /* Build configuration list for PBXNativeTarget "TagrgetB" */;
			buildPhases = (
				A0E7A23F256E33C9001141A8 /* Headers */,
				A0E7A240256E33C9001141A8 /* Sources */,
				A0E7A241256E33C9001141A8 /* Frameworks */,
				A0E7A242256E33C9001141A8 /* Resources */,
			);
			buildRules = (
			);
			dependencies = (
			);
			name = TagrgetB;
			productName = TagrgetB;
			productReference = A0E7A244256E33C9001141A8 /* TagrgetB.framework */;
			productType = "com.apple.product-type.framework";
		};
		A0E7A24C256E33C9001141A8 /* TagrgetBTests */ = {
			isa = PBXNativeTarget;
			buildConfigurationList = A0E7A25B256E33C9001141A8 /* Build configuration list for PBXNativeTarget "TagrgetBTests" */;
			buildPhases = (
				A0E7A249256E33C9001141A8 /* Sources */,
				A0E7A24A256E33C9001141A8 /* Frameworks */,
				A0E7A24B256E33C9001141A8 /* Resources */,
			);
			buildRules = (
			);
			dependencies = (
				A0E7A250256E33C9001141A8 /* PBXTargetDependency */,
			);
			name = TagrgetBTests;
			productName = TagrgetBTests;
			productReference = A0E7A24D256E33C9001141A8 /* TagrgetBTests.xctest */;
			productType = "com.apple.product-type.bundle.unit-test";
		};
/* End PBXNativeTarget section */

/* Begin PBXProject section */
		A0E7A23B256E33C9001141A8 /* Project object */ = {
			isa = PBXProject;
			attributes = {
				LastSwiftUpdateCheck = 1220;
				LastUpgradeCheck = 1220;
				TargetAttributes = {
					A0E7A243256E33C9001141A8 = {
						CreatedOnToolsVersion = 12.2;
						LastSwiftMigration = 1220;
					};
					A0E7A24C256E33C9001141A8 = {
						CreatedOnToolsVersion = 12.2;
					};
				};
			};
			buildConfigurationList = A0E7A23E256E33C9001141A8 /* Build configuration list for PBXProject "TagrgetB" */;
			compatibilityVersion = "Xcode 9.3";
			developmentRegion = en;
			hasScannedForEncodings = 0;
			knownRegions = (
				en,
				Base,
			);
			mainGroup = A0E7A23A256E33C9001141A8;
			productRefGroup = A0E7A245256E33C9001141A8 /* Products */;
			projectDirPath = "";
			projectRoot = "";
			targets = (
				A0E7A243256E33C9001141A8 /* TagrgetB */,
				A0E7A24C256E33C9001141A8 /* TagrgetBTests */,
			);
		};
/* End PBXProject section */

/* Begin PBXResourcesBuildPhase section */
		A0E7A242256E33C9001141A8 /* Resources */ = {
			isa = PBXResourcesBuildPhase;
			buildActionMask = 2147483647;
			files = (
			);
			runOnlyForDeploymentPostprocessing = 0;
		};
		A0E7A24B256E33C9001141A8 /* Resources */ = {
			isa = PBXResourcesBuildPhase;
			buildActionMask = 2147483647;
			files = (
			);
			runOnlyForDeploymentPostprocessing = 0;
		};
/* End PBXResourcesBuildPhase section */

/* Begin PBXSourcesBuildPhase section */
		A0E7A240256E33C9001141A8 /* Sources */ = {
			isa = PBXSourcesBuildPhase;
			buildActionMask = 2147483647;
			files = (
				A0E7A2A8256E36AD001141A8 /* TargetBScene.swift in Sources */,
				A0E7A298256E3595001141A8 /* ViewController.swift in Sources */,
			);
			runOnlyForDeploymentPostprocessing = 0;
		};
		A0E7A249256E33C9001141A8 /* Sources */ = {
			isa = PBXSourcesBuildPhase;
			buildActionMask = 2147483647;
			files = (
				A0E7A253256E33C9001141A8 /* TagrgetBTests.swift in Sources */,
			);
			runOnlyForDeploymentPostprocessing = 0;
		};
/* End PBXSourcesBuildPhase section */

/* Begin PBXTargetDependency section */
		A0E7A250256E33C9001141A8 /* PBXTargetDependency */ = {
			isa = PBXTargetDependency;
			target = A0E7A243256E33C9001141A8 /* TagrgetB */;
			targetProxy = A0E7A24F256E33C9001141A8 /* PBXContainerItemProxy */;
		};
/* End PBXTargetDependency section */

/* Begin XCBuildConfiguration section */
		A0E7A256256E33C9001141A8 /* Debug */ = {
			isa = XCBuildConfiguration;
			buildSettings = {
				ALWAYS_SEARCH_USER_PATHS = NO;
				CLANG_ANALYZER_NONNULL = YES;
				CLANG_ANALYZER_NUMBER_OBJECT_CONVERSION = YES_AGGRESSIVE;
				CLANG_CXX_LANGUAGE_STANDARD = "gnu++14";
				CLANG_CXX_LIBRARY = "libc++";
				CLANG_ENABLE_MODULES = YES;
				CLANG_ENABLE_OBJC_ARC = YES;
				CLANG_ENABLE_OBJC_WEAK = YES;
				CLANG_WARN_BLOCK_CAPTURE_AUTORELEASING = YES;
				CLANG_WARN_BOOL_CONVERSION = YES;
				CLANG_WARN_COMMA = YES;
				CLANG_WARN_CONSTANT_CONVERSION = YES;
				CLANG_WARN_DEPRECATED_OBJC_IMPLEMENTATIONS = YES;
				CLANG_WARN_DIRECT_OBJC_ISA_USAGE = YES_ERROR;
				CLANG_WARN_DOCUMENTATION_COMMENTS = YES;
				CLANG_WARN_EMPTY_BODY = YES;
				CLANG_WARN_ENUM_CONVERSION = YES;
				CLANG_WARN_INFINITE_RECURSION = YES;
				CLANG_WARN_INT_CONVERSION = YES;
				CLANG_WARN_NON_LITERAL_NULL_CONVERSION = YES;
				CLANG_WARN_OBJC_IMPLICIT_RETAIN_SELF = YES;
				CLANG_WARN_OBJC_LITERAL_CONVERSION = YES;
				CLANG_WARN_OBJC_ROOT_CLASS = YES_ERROR;
				CLANG_WARN_QUOTED_INCLUDE_IN_FRAMEWORK_HEADER = YES;
				CLANG_WARN_RANGE_LOOP_ANALYSIS = YES;
				CLANG_WARN_STRICT_PROTOTYPES = YES;
				CLANG_WARN_SUSPICIOUS_MOVE = YES;
				CLANG_WARN_UNGUARDED_AVAILABILITY = YES_AGGRESSIVE;
				CLANG_WARN_UNREACHABLE_CODE = YES;
				CLANG_WARN__DUPLICATE_METHOD_MATCH = YES;
				COPY_PHASE_STRIP = NO;
				CURRENT_PROJECT_VERSION = 1;
				DEBUG_INFORMATION_FORMAT = dwarf;
				ENABLE_STRICT_OBJC_MSGSEND = YES;
				ENABLE_TESTABILITY = YES;
				GCC_C_LANGUAGE_STANDARD = gnu11;
				GCC_DYNAMIC_NO_PIC = NO;
				GCC_NO_COMMON_BLOCKS = YES;
				GCC_OPTIMIZATION_LEVEL = 0;
				GCC_PREPROCESSOR_DEFINITIONS = (
					"DEBUG=1",
					"$(inherited)",
				);
				GCC_WARN_64_TO_32_BIT_CONVERSION = YES;
				GCC_WARN_ABOUT_RETURN_TYPE = YES_ERROR;
				GCC_WARN_UNDECLARED_SELECTOR = YES;
				GCC_WARN_UNINITIALIZED_AUTOS = YES_AGGRESSIVE;
				GCC_WARN_UNUSED_FUNCTION = YES;
				GCC_WARN_UNUSED_VARIABLE = YES;
				IPHONEOS_DEPLOYMENT_TARGET = 14.2;
				MTL_ENABLE_DEBUG_INFO = INCLUDE_SOURCE;
				MTL_FAST_MATH = YES;
				ONLY_ACTIVE_ARCH = YES;
				SDKROOT = iphoneos;
				SWIFT_ACTIVE_COMPILATION_CONDITIONS = DEBUG;
				SWIFT_OPTIMIZATION_LEVEL = "-Onone";
				VERSIONING_SYSTEM = "apple-generic";
				VERSION_INFO_PREFIX = "";
			};
			name = Debug;
		};
		A0E7A257256E33C9001141A8 /* Release */ = {
			isa = XCBuildConfiguration;
			buildSettings = {
				ALWAYS_SEARCH_USER_PATHS = NO;
				CLANG_ANALYZER_NONNULL = YES;
				CLANG_ANALYZER_NUMBER_OBJECT_CONVERSION = YES_AGGRESSIVE;
				CLANG_CXX_LANGUAGE_STANDARD = "gnu++14";
				CLANG_CXX_LIBRARY = "libc++";
				CLANG_ENABLE_MODULES = YES;
				CLANG_ENABLE_OBJC_ARC = YES;
				CLANG_ENABLE_OBJC_WEAK = YES;
				CLANG_WARN_BLOCK_CAPTURE_AUTORELEASING = YES;
				CLANG_WARN_BOOL_CONVERSION = YES;
				CLANG_WARN_COMMA = YES;
				CLANG_WARN_CONSTANT_CONVERSION = YES;
				CLANG_WARN_DEPRECATED_OBJC_IMPLEMENTATIONS = YES;
				CLANG_WARN_DIRECT_OBJC_ISA_USAGE = YES_ERROR;
				CLANG_WARN_DOCUMENTATION_COMMENTS = YES;
				CLANG_WARN_EMPTY_BODY = YES;
				CLANG_WARN_ENUM_CONVERSION = YES;
				CLANG_WARN_INFINITE_RECURSION = YES;
				CLANG_WARN_INT_CONVERSION = YES;
				CLANG_WARN_NON_LITERAL_NULL_CONVERSION = YES;
				CLANG_WARN_OBJC_IMPLICIT_RETAIN_SELF = YES;
				CLANG_WARN_OBJC_LITERAL_CONVERSION = YES;
				CLANG_WARN_OBJC_ROOT_CLASS = YES_ERROR;
				CLANG_WARN_QUOTED_INCLUDE_IN_FRAMEWORK_HEADER = YES;
				CLANG_WARN_RANGE_LOOP_ANALYSIS = YES;
				CLANG_WARN_STRICT_PROTOTYPES = YES;
				CLANG_WARN_SUSPICIOUS_MOVE = YES;
				CLANG_WARN_UNGUARDED_AVAILABILITY = YES_AGGRESSIVE;
				CLANG_WARN_UNREACHABLE_CODE = YES;
				CLANG_WARN__DUPLICATE_METHOD_MATCH = YES;
				COPY_PHASE_STRIP = NO;
				CURRENT_PROJECT_VERSION = 1;
				DEBUG_INFORMATION_FORMAT = "dwarf-with-dsym";
				ENABLE_NS_ASSERTIONS = NO;
				ENABLE_STRICT_OBJC_MSGSEND = YES;
				GCC_C_LANGUAGE_STANDARD = gnu11;
				GCC_NO_COMMON_BLOCKS = YES;
				GCC_WARN_64_TO_32_BIT_CONVERSION = YES;
				GCC_WARN_ABOUT_RETURN_TYPE = YES_ERROR;
				GCC_WARN_UNDECLARED_SELECTOR = YES;
				GCC_WARN_UNINITIALIZED_AUTOS = YES_AGGRESSIVE;
				GCC_WARN_UNUSED_FUNCTION = YES;
				GCC_WARN_UNUSED_VARIABLE = YES;
				IPHONEOS_DEPLOYMENT_TARGET = 14.2;
				MTL_ENABLE_DEBUG_INFO = NO;
				MTL_FAST_MATH = YES;
				SDKROOT = iphoneos;
				SWIFT_COMPILATION_MODE = wholemodule;
				SWIFT_OPTIMIZATION_LEVEL = "-O";
				VALIDATE_PRODUCT = YES;
				VERSIONING_SYSTEM = "apple-generic";
				VERSION_INFO_PREFIX = "";
			};
			name = Release;
		};
		A0E7A259256E33C9001141A8 /* Debug */ = {
			isa = XCBuildConfiguration;
			buildSettings = {
				CLANG_ENABLE_MODULES = YES;
				CODE_SIGN_STYLE = Automatic;
				DEFINES_MODULE = YES;
				DEVELOPMENT_TEAM = Z6FW88DK2F;
				DYLIB_COMPATIBILITY_VERSION = 1;
				DYLIB_CURRENT_VERSION = 1;
				DYLIB_INSTALL_NAME_BASE = "@rpath";
				INFOPLIST_FILE = TagrgetB/Info.plist;
				INSTALL_PATH = "$(LOCAL_LIBRARY_DIR)/Frameworks";
				LD_RUNPATH_SEARCH_PATHS = (
					"$(inherited)",
					"@executable_path/Frameworks",
					"@loader_path/Frameworks",
				);
				PRODUCT_BUNDLE_IDENTIFIER = com.jie.xing.TagrgetB;
				PRODUCT_NAME = "$(TARGET_NAME:c99extidentifier)";
				SKIP_INSTALL = YES;
				SWIFT_OPTIMIZATION_LEVEL = "-Onone";
				SWIFT_VERSION = 5.0;
				TARGETED_DEVICE_FAMILY = "1,2";
			};
			name = Debug;
		};
		A0E7A25A256E33C9001141A8 /* Release */ = {
			isa = XCBuildConfiguration;
			buildSettings = {
				CLANG_ENABLE_MODULES = YES;
				CODE_SIGN_STYLE = Automatic;
				DEFINES_MODULE = YES;
				DEVELOPMENT_TEAM = Z6FW88DK2F;
				DYLIB_COMPATIBILITY_VERSION = 1;
				DYLIB_CURRENT_VERSION = 1;
				DYLIB_INSTALL_NAME_BASE = "@rpath";
				INFOPLIST_FILE = TagrgetB/Info.plist;
				INSTALL_PATH = "$(LOCAL_LIBRARY_DIR)/Frameworks";
				LD_RUNPATH_SEARCH_PATHS = (
					"$(inherited)",
					"@executable_path/Frameworks",
					"@loader_path/Frameworks",
				);
				PRODUCT_BUNDLE_IDENTIFIER = com.jie.xing.TagrgetB;
				PRODUCT_NAME = "$(TARGET_NAME:c99extidentifier)";
				SKIP_INSTALL = YES;
				SWIFT_VERSION = 5.0;
				TARGETED_DEVICE_FAMILY = "1,2";
			};
			name = Release;
		};
		A0E7A25C256E33C9001141A8 /* Debug */ = {
			isa = XCBuildConfiguration;
			buildSettings = {
				ALWAYS_EMBED_SWIFT_STANDARD_LIBRARIES = YES;
				CODE_SIGN_STYLE = Automatic;
				DEVELOPMENT_TEAM = Z6FW88DK2F;
				INFOPLIST_FILE = TagrgetBTests/Info.plist;
				LD_RUNPATH_SEARCH_PATHS = (
					"$(inherited)",
					"@executable_path/Frameworks",
					"@loader_path/Frameworks",
				);
				PRODUCT_BUNDLE_IDENTIFIER = com.jie.xing.TagrgetBTests;
				PRODUCT_NAME = "$(TARGET_NAME)";
				SWIFT_VERSION = 5.0;
				TARGETED_DEVICE_FAMILY = "1,2";
			};
			name = Debug;
		};
		A0E7A25D256E33C9001141A8 /* Release */ = {
			isa = XCBuildConfiguration;
			buildSettings = {
				ALWAYS_EMBED_SWIFT_STANDARD_LIBRARIES = YES;
				CODE_SIGN_STYLE = Automatic;
				DEVELOPMENT_TEAM = Z6FW88DK2F;
				INFOPLIST_FILE = TagrgetBTests/Info.plist;
				LD_RUNPATH_SEARCH_PATHS = (
					"$(inherited)",
					"@executable_path/Frameworks",
					"@loader_path/Frameworks",
				);
				PRODUCT_BUNDLE_IDENTIFIER = com.jie.xing.TagrgetBTests;
				PRODUCT_NAME = "$(TARGET_NAME)";
				SWIFT_VERSION = 5.0;
				TARGETED_DEVICE_FAMILY = "1,2";
			};
			name = Release;
		};
/* End XCBuildConfiguration section */

/* Begin XCConfigurationList section */
		A0E7A23E256E33C9001141A8 /* Build configuration list for PBXProject "TagrgetB" */ = {
			isa = XCConfigurationList;
			buildConfigurations = (
				A0E7A256256E33C9001141A8 /* Debug */,
				A0E7A257256E33C9001141A8 /* Release */,
			);
			defaultConfigurationIsVisible = 0;
			defaultConfigurationName = Release;
		};
		A0E7A258256E33C9001141A8 /* Build configuration list for PBXNativeTarget "TagrgetB" */ = {
			isa = XCConfigurationList;
			buildConfigurations = (
				A0E7A259256E33C9001141A8 /* Debug */,
				A0E7A25A256E33C9001141A8 /* Release */,
			);
			defaultConfigurationIsVisible = 0;
			defaultConfigurationName = Release;
		};
		A0E7A25B256E33C9001141A8 /* Build configuration list for PBXNativeTarget "TagrgetBTests" */ = {
			isa = XCConfigurationList;
			buildConfigurations = (
				A0E7A25C256E33C9001141A8 /* Debug */,
				A0E7A25D256E33C9001141A8 /* Release */,
			);
			defaultConfigurationIsVisible = 0;
			defaultConfigurationName = Release;
		};
/* End XCConfigurationList section */
	};
	rootObject = A0E7A23B256E33C9001141A8 /* Project object */;
}
