// !$*UTF8*$!
{
	archiveVersion = 1;
	classes = {
	};
	objectVersion = 50;
	objects = {

/* Begin PBXBuildFile section */
		A0E7A200256E3354001141A8 /* AppDelegate.swift in Sources */ = {isa = PBXBuildFile; fileRef = A0E7A1FF256E3354001141A8 /* AppDelegate.swift */; };
		A0E7A202256E3354001141A8 /* SceneDelegate.swift in Sources */ = {isa = PBXBuildFile; fileRef = A0E7A201256E3354001141A8 /* SceneDelegate.swift */; };
		A0E7A204256E3354001141A8 /* ViewController.swift in Sources */ = {isa = PBXBuildFile; fileRef = A0E7A203256E3354001141A8 /* ViewController.swift */; };
		A0E7A209256E3354001141A8 /* Assets.xcassets in Resources */ = {isa = PBXBuildFile; fileRef = A0E7A208256E3354001141A8 /* Assets.xcassets */; };
		A0E7A20C256E3354001141A8 /* LaunchScreen.storyboard in Resources */ = {isa = PBXBuildFile; fileRef = A0E7A20A256E3354001141A8 /* LaunchScreen.storyboard */; };
		A0E7A2B5256E3783001141A8 /* Basic.framework in Frameworks */ = {isa = PBXBuildFile; fileRef = A0E7A2B4256E3783001141A8 /* Basic.framework */; };
		A0E7A2B7256E3787001141A8 /* TagrgetA.framework in Frameworks */ = {isa = PBXBuildFile; fileRef = A0E7A2B6256E3787001141A8 /* TagrgetA.framework */; };
		A0E7A2B9256E378A001141A8 /* TagrgetB.framework in Frameworks */ = {isa = PBXBuildFile; fileRef = A0E7A2B8256E378A001141A8 /* TagrgetB.framework */; };
		A0E7A2C1256E3B00001141A8 /* TabBarViewController.swift in Sources */ = {isa = PBXBuildFile; fileRef = A0E7A2C0256E3B00001141A8 /* TabBarViewController.swift */; };
/* End PBXBuildFile section */

/* Begin PBXFileReference section */
		A0E7A1FC256E3354001141A8 /* App.app */ = {isa = PBXFileReference; explicitFileType = wrapper.application; includeInIndex = 0; path = App.app; sourceTree = BUILT_PRODUCTS_DIR; };
		A0E7A1FF256E3354001141A8 /* AppDelegate.swift */ = {isa = PBXFileReference; lastKnownFileType = sourcecode.swift; path = AppDelegate.swift; sourceTree = "<group>"; };
		A0E7A201256E3354001141A8 /* SceneDelegate.swift */ = {isa = PBXFileReference; lastKnownFileType = sourcecode.swift; path = SceneDelegate.swift; sourceTree = "<group>"; };
		A0E7A203256E3354001141A8 /* ViewController.swift */ = {isa = PBXFileReference; lastKnownFileType = sourcecode.swift; path = ViewController.swift; sourceTree = "<group>"; };
		A0E7A208256E3354001141A8 /* Assets.xcassets */ = {isa = PBXFileReference; lastKnownFileType = folder.assetcatalog; path = Assets.xcassets; sourceTree = "<group>"; };
		A0E7A20B256E3354001141A8 /* Base */ = {isa = PBXFileReference; lastKnownFileType = file.storyboard; name = Base; path = Base.lproj/LaunchScreen.storyboard; sourceTree = "<group>"; };
		A0E7A20D256E3354001141A8 /* Info.plist */ = {isa = PBXFileReference; lastKnownFileType = text.plist.xml; path = Info.plist; sourceTree = "<group>"; };
		A0E7A2B4256E3783001141A8 /* Basic.framework */ = {isa = PBXFileReference; explicitFileType = wrapper.framework; path = Basic.framework; sourceTree = BUILT_PRODUCTS_DIR; };
		A0E7A2B6256E3787001141A8 /* TagrgetA.framework */ = {isa = PBXFileReference; explicitFileType = wrapper.framework; path = TagrgetA.framework; sourceTree = BUILT_PRODUCTS_DIR; };
		A0E7A2B8256E378A001141A8 /* TagrgetB.framework */ = {isa = PBXFileReference; explicitFileType = wrapper.framework; path = TagrgetB.framework; sourceTree = BUILT_PRODUCTS_DIR; };
		A0E7A2C0256E3B00001141A8 /* TabBarViewController.swift */ = {isa = PBXFileReference; lastKnownFileType = sourcecode.swift; path = TabBarViewController.swift; sourceTree = "<group>"; };
/* End PBXFileReference section */

/* Begin PBXFrameworksBuildPhase section */
		A0E7A1F9256E3354001141A8 /* Frameworks */ = {
			isa = PBXFrameworksBuildPhase;
			buildActionMask = 2147483647;
			files = (
				A0E7A2B9256E378A001141A8 /* TagrgetB.framework in Frameworks */,
				A0E7A2B7256E3787001141A8 /* TagrgetA.framework in Frameworks */,
				A0E7A2B5256E3783001141A8 /* Basic.framework in Frameworks */,
			);
			runOnlyForDeploymentPostprocessing = 0;
		};
/* End PBXFrameworksBuildPhase section */

/* Begin PBXGroup section */
		A0E7A1F3256E3354001141A8 = {
			isa = PBXGroup;
			children = (
				A0E7A1FE256E3354001141A8 /* App */,
				A0E7A1FD256E3354001141A8 /* Products */,
				A0E7A2B3256E3783001141A8 /* Frameworks */,
			);
			sourceTree = "<group>";
		};
		A0E7A1FD256E3354001141A8 /* Products */ = {
			isa = PBXGroup;
			children = (
				A0E7A1FC256E3354001141A8 /* App.app */,
			);
			name = Products;
			sourceTree = "<group>";
		};
		A0E7A1FE256E3354001141A8 /* App */ = {
			isa = PBXGroup;
			children = (
				A0E7A1FF256E3354001141A8 /* AppDelegate.swift */,
				A0E7A201256E3354001141A8 /* SceneDelegate.swift */,
				A0E7A203256E3354001141A8 /* ViewController.swift */,
				A0E7A2C0256E3B00001141A8 /* TabBarViewController.swift */,
				A0E7A208256E3354001141A8 /* Assets.xcassets */,
				A0E7A20A256E3354001141A8 /* LaunchScreen.storyboard */,
				A0E7A20D256E3354001141A8 /* Info.plist */,
			);
			path = App;
			sourceTree = "<group>";
		};
		A0E7A2B3256E3783001141A8 /* Frameworks */ = {
			isa = PBXGroup;
			children = (
				A0E7A2B8256E378A001141A8 /* TagrgetB.framework */,
				A0E7A2B6256E3787001141A8 /* TagrgetA.framework */,
				A0E7A2B4256E3783001141A8 /* Basic.framework */,
			);
			name = Frameworks;
			sourceTree = "<group>";
		};
/* End PBXGroup section */

/* Begin PBXNativeTarget section */
		A0E7A1FB256E3354001141A8 /* App */ = {
			isa = PBXNativeTarget;
			buildConfigurationList = A0E7A210256E3354001141A8 /* Build configuration list for PBXNativeTarget "App" */;
			buildPhases = (
				A0E7A1F8256E3354001141A8 /* Sources */,
				A0E7A1F9256E3354001141A8 /* Frameworks */,
				A0E7A1FA256E3354001141A8 /* Resources */,
			);
			buildRules = (
			);
			dependencies = (
			);
			name = App;
			productName = App;
			productReference = A0E7A1FC256E3354001141A8 /* App.app */;
			productType = "com.apple.product-type.application";
		};
/* End PBXNativeTarget section */

/* Begin PBXProject section */
		A0E7A1F4256E3354001141A8 /* Project object */ = {
			isa = PBXProject;
			attributes = {
				LastSwiftUpdateCheck = 1220;
				LastUpgradeCheck = 1220;
				TargetAttributes = {
					A0E7A1FB256E3354001141A8 = {
						CreatedOnToolsVersion = 12.2;
					};
				};
			};
			buildConfigurationList = A0E7A1F7256E3354001141A8 /* Build configuration list for PBXProject "App" */;
			compatibilityVersion = "Xcode 9.3";
			developmentRegion = en;
			hasScannedForEncodings = 0;
			knownRegions = (
				en,
				Base,
			);
			mainGroup = A0E7A1F3256E3354001141A8;
			productRefGroup = A0E7A1FD256E3354001141A8 /* Products */;
			projectDirPath = "";
			projectRoot = "";
			targets = (
				A0E7A1FB256E3354001141A8 /* App */,
			);
		};
/* End PBXProject section */

/* Begin PBXResourcesBuildPhase section */
		A0E7A1FA256E3354001141A8 /* Resources */ = {
			isa = PBXResourcesBuildPhase;
			buildActionMask = 2147483647;
			files = (
				A0E7A20C256E3354001141A8 /* LaunchScreen.storyboard in Resources */,
				A0E7A209256E3354001141A8 /* Assets.xcassets in Resources */,
			);
			runOnlyForDeploymentPostprocessing = 0;
		};
/* End PBXResourcesBuildPhase section */

/* Begin PBXSourcesBuildPhase section */
		A0E7A1F8256E3354001141A8 /* Sources */ = {
			isa = PBXSourcesBuildPhase;
			buildActionMask = 2147483647;
			files = (
				A0E7A2C1256E3B00001141A8 /* TabBarViewController.swift in Sources */,
				A0E7A204256E3354001141A8 /* ViewController.swift in Sources */,
				A0E7A200256E3354001141A8 /* AppDelegate.swift in Sources */,
				A0E7A202256E3354001141A8 /* SceneDelegate.swift in Sources */,
			);
			runOnlyForDeploymentPostprocessing = 0;
		};
/* End PBXSourcesBuildPhase section */

/* Begin PBXVariantGroup section */
		A0E7A20A256E3354001141A8 /* LaunchScreen.storyboard */ = {
			isa = PBXVariantGroup;
			children = (
				A0E7A20B256E3354001141A8 /* Base */,
			);
			name = LaunchScreen.storyboard;
			sourceTree = "<group>";
		};
/* End PBXVariantGroup section */

/* Begin XCBuildConfiguration section */
		A0E7A20E256E3354001141A8 /* Debug */ = {
			isa = XCBuildConfiguration;
			buildSettings = {
				ALWAYS_SEARCH_USER_PATHS = NO;
				CLANG_ANALYZER_NONNULL = YES;
				CLANG_ANALYZER_NUMBER_OBJECT_CONVERSION = YES_AGGRESSIVE;
				CLANG_CXX_LANGUAGE_STANDARD = "gnu++14";
				CLANG_CXX_LIBRARY = "libc++";
				CLANG_ENABLE_MODULES = YES;
				CLANG_ENABLE_OBJC_ARC = YES;
				CLANG_ENABLE_OBJC_WEAK = YES;
				CLANG_WARN_BLOCK_CAPTURE_AUTORELEASING = YES;
				CLANG_WARN_BOOL_CONVERSION = YES;
				CLANG_WARN_COMMA = YES;
				CLANG_WARN_CONSTANT_CONVERSION = YES;
				CLANG_WARN_DEPRECATED_OBJC_IMPLEMENTATIONS = YES;
				CLANG_WARN_DIRECT_OBJC_ISA_USAGE = YES_ERROR;
				CLANG_WARN_DOCUMENTATION_COMMENTS = YES;
				CLANG_WARN_EMPTY_BODY = YES;
				CLANG_WARN_ENUM_CONVERSION = YES;
				CLANG_WARN_INFINITE_RECURSION = YES;
				CLANG_WARN_INT_CONVERSION = YES;
				CLANG_WARN_NON_LITERAL_NULL_CONVERSION = YES;
				CLANG_WARN_OBJC_IMPLICIT_RETAIN_SELF = YES;
				CLANG_WARN_OBJC_LITERAL_CONVERSION = YES;
				CLANG_WARN_OBJC_ROOT_CLASS = YES_ERROR;
				CLANG_WARN_QUOTED_INCLUDE_IN_FRAMEWORK_HEADER = YES;
				CLANG_WARN_RANGE_LOOP_ANALYSIS = YES;
				CLANG_WARN_STRICT_PROTOTYPES = YES;
				CLANG_WARN_SUSPICIOUS_MOVE = YES;
				CLANG_WARN_UNGUARDED_AVAILABILITY = YES_AGGRESSIVE;
				CLANG_WARN_UNREACHABLE_CODE = YES;
				CLANG_WARN__DUPLICATE_METHOD_MATCH = YES;
				COPY_PHASE_STRIP = NO;
				DEBUG_INFORMATION_FORMAT = dwarf;
				ENABLE_STRICT_OBJC_MSGSEND = YES;
				ENABLE_TESTABILITY = YES;
				GCC_C_LANGUAGE_STANDARD = gnu11;
				GCC_DYNAMIC_NO_PIC = NO;
				GCC_NO_COMMON_BLOCKS = YES;
				GCC_OPTIMIZATION_LEVEL = 0;
				GCC_PREPROCESSOR_DEFINITIONS = (
					"DEBUG=1",
					"$(inherited)",
				);
				GCC_WARN_64_TO_32_BIT_CONVERSION = YES;
				GCC_WARN_ABOUT_RETURN_TYPE = YES_ERROR;
				GCC_WARN_UNDECLARED_SELECTOR = YES;
				GCC_WARN_UNINITIALIZED_AUTOS = YES_AGGRESSIVE;
				GCC_WARN_UNUSED_FUNCTION = YES;
				GCC_WARN_UNUSED_VARIABLE = YES;
				IPHONEOS_DEPLOYMENT_TARGET = 14.2;
				MTL_ENABLE_DEBUG_INFO = INCLUDE_SOURCE;
				MTL_FAST_MATH = YES;
				ONLY_ACTIVE_ARCH = YES;
				SDKROOT = iphoneos;
				SWIFT_ACTIVE_COMPILATION_CONDITIONS = DEBUG;
				SWIFT_OPTIMIZATION_LEVEL = "-Onone";
			};
			name = Debug;
		};
		A0E7A20F256E3354001141A8 /* Release */ = {
			isa = XCBuildConfiguration;
			buildSettings = {
				ALWAYS_SEARCH_USER_PATHS = NO;
				CLANG_ANALYZER_NONNULL = YES;
				CLANG_ANALYZER_NUMBER_OBJECT_CONVERSION = YES_AGGRESSIVE;
				CLANG_CXX_LANGUAGE_STANDARD = "gnu++14";
				CLANG_CXX_LIBRARY = "libc++";
				CLANG_ENABLE_MODULES = YES;
				CLANG_ENABLE_OBJC_ARC = YES;
				CLANG_ENABLE_OBJC_WEAK = YES;
				CLANG_WARN_BLOCK_CAPTURE_AUTORELEASING = YES;
				CLANG_WARN_BOOL_CONVERSION = YES;
				CLANG_WARN_COMMA = YES;
				CLANG_WARN_CONSTANT_CONVERSION = YES;
				CLANG_WARN_DEPRECATED_OBJC_IMPLEMENTATIONS = YES;
				CLANG_WARN_DIRECT_OBJC_ISA_USAGE = YES_ERROR;
				CLANG_WARN_DOCUMENTATION_COMMENTS = YES;
				CLANG_WARN_EMPTY_BODY = YES;
				CLANG_WARN_ENUM_CONVERSION = YES;
				CLANG_WARN_INFINITE_RECURSION = YES;
				CLANG_WARN_INT_CONVERSION = YES;
				CLANG_WARN_NON_LITERAL_NULL_CONVERSION = YES;
				CLANG_WARN_OBJC_IMPLICIT_RETAIN_SELF = YES;
				CLANG_WARN_OBJC_LITERAL_CONVERSION = YES;
				CLANG_WARN_OBJC_ROOT_CLASS = YES_ERROR;
				CLANG_WARN_QUOTED_INCLUDE_IN_FRAMEWORK_HEADER = YES;
				CLANG_WARN_RANGE_LOOP_ANALYSIS = YES;
				CLANG_WARN_STRICT_PROTOTYPES = YES;
				CLANG_WARN_SUSPICIOUS_MOVE = YES;
				CLANG_WARN_UNGUARDED_AVAILABILITY = YES_AGGRESSIVE;
				CLANG_WARN_UNREACHABLE_CODE = YES;
				CLANG_WARN__DUPLICATE_METHOD_MATCH = YES;
				COPY_PHASE_STRIP = NO;
				DEBUG_INFORMATION_FORMAT = "dwarf-with-dsym";
				ENABLE_NS_ASSERTIONS = NO;
				ENABLE_STRICT_OBJC_MSGSEND = YES;
				GCC_C_LANGUAGE_STANDARD = gnu11;
				GCC_NO_COMMON_BLOCKS = YES;
				GCC_WARN_64_TO_32_BIT_CONVERSION = YES;
				GCC_WARN_ABOUT_RETURN_TYPE = YES_ERROR;
				GCC_WARN_UNDECLARED_SELECTOR = YES;
				GCC_WARN_UNINITIALIZED_AUTOS = YES_AGGRESSIVE;
				GCC_WARN_UNUSED_FUNCTION = YES;
				GCC_WARN_UNUSED_VARIABLE = YES;
				IPHONEOS_DEPLOYMENT_TARGET = 14.2;
				MTL_ENABLE_DEBUG_INFO = NO;
				MTL_FAST_MATH = YES;
				SDKROOT = iphoneos;
				SWIFT_COMPILATION_MODE = wholemodule;
				SWIFT_OPTIMIZATION_LEVEL = "-O";
				VALIDATE_PRODUCT = YES;
			};
			name = Release;
		};
		A0E7A211256E3354001141A8 /* Debug */ = {
			isa = XCBuildConfiguration;
			buildSettings = {
				ASSETCATALOG_COMPILER_APPICON_NAME = AppIcon;
				ASSETCATALOG_COMPILER_GLOBAL_ACCENT_COLOR_NAME = AccentColor;
				CODE_SIGN_STYLE = Automatic;
				DEVELOPMENT_TEAM = Z6FW88DK2F;
				INFOPLIST_FILE = App/Info.plist;
				LD_RUNPATH_SEARCH_PATHS = (
					"$(inherited)",
					"@executable_path/Frameworks",
				);
				PRODUCT_BUNDLE_IDENTIFIER = com.jie.xing.App;
				PRODUCT_NAME = "$(TARGET_NAME)";
				SWIFT_VERSION = 5.0;
				TARGETED_DEVICE_FAMILY = "1,2";
			};
			name = Debug;
		};
		A0E7A212256E3354001141A8 /* Release */ = {
			isa = XCBuildConfiguration;
			buildSettings = {
				ASSETCATALOG_COMPILER_APPICON_NAME = AppIcon;
				ASSETCATALOG_COMPILER_GLOBAL_ACCENT_COLOR_NAME = AccentColor;
				CODE_SIGN_STYLE = Automatic;
				DEVELOPMENT_TEAM = Z6FW88DK2F;
				INFOPLIST_FILE = App/Info.plist;
				LD_RUNPATH_SEARCH_PATHS = (
					"$(inherited)",
					"@executable_path/Frameworks",
				);
				PRODUCT_BUNDLE_IDENTIFIER = com.jie.xing.App;
				PRODUCT_NAME = "$(TARGET_NAME)";
				SWIFT_VERSION = 5.0;
				TARGETED_DEVICE_FAMILY = "1,2";
			};
			name = Release;
		};
/* End XCBuildConfiguration section */

/* Begin XCConfigurationList section */
		A0E7A1F7256E3354001141A8 /* Build configuration list for PBXProject "App" */ = {
			isa = XCConfigurationList;
			buildConfigurations = (
				A0E7A20E256E3354001141A8 /* Debug */,
				A0E7A20F256E3354001141A8 /* Release */,
			);
			defaultConfigurationIsVisible = 0;
			defaultConfigurationName = Release;
		};
		A0E7A210256E3354001141A8 /* Build configuration list for PBXNativeTarget "App" */ = {
			isa = XCConfigurationList;
			buildConfigurations = (
				A0E7A211256E3354001141A8 /* Debug */,
				A0E7A212256E3354001141A8 /* Release */,
			);
			defaultConfigurationIsVisible = 0;
			defaultConfigurationName = Release;
		};
/* End XCConfigurationList section */
	};
	rootObject = A0E7A1F4256E3354001141A8 /* Project object */;
}
